// !$*UTF8*$!
{
	archiveVersion = 1;
	classes = {
	};
	objectVersion = 50;
	objects = {

/* Begin PBXBuildFile section */
		438D387A235DF98D004F4B1E /* AppDelegate.swift in Sources */ = {isa = PBXBuildFile; fileRef = 438D3879235DF98D004F4B1E /* AppDelegate.swift */; };
		438D387F235DF98D004F4B1E /* Main.storyboard in Resources */ = {isa = PBXBuildFile; fileRef = 438D387D235DF98D004F4B1E /* Main.storyboard */; };
		438D3881235DF98E004F4B1E /* Assets.xcassets in Resources */ = {isa = PBXBuildFile; fileRef = 438D3880235DF98E004F4B1E /* Assets.xcassets */; };
		438D3884235DF98E004F4B1E /* LaunchScreen.storyboard in Resources */ = {isa = PBXBuildFile; fileRef = 438D3882235DF98E004F4B1E /* LaunchScreen.storyboard */; };
		438D388F235DF98E004F4B1E /* ClientServerTests.swift in Sources */ = {isa = PBXBuildFile; fileRef = 438D388E235DF98E004F4B1E /* ClientServerTests.swift */; };
		438D389A235DF98E004F4B1E /* ClientServerUITests.swift in Sources */ = {isa = PBXBuildFile; fileRef = 438D3899235DF98E004F4B1E /* ClientServerUITests.swift */; };
		438D38A9235DF9FB004F4B1E /* LaunchViewController.swift in Sources */ = {isa = PBXBuildFile; fileRef = 438D38A8235DF9FB004F4B1E /* LaunchViewController.swift */; };
		438D38B5235E0C8E004F4B1E /* Session.swift in Sources */ = {isa = PBXBuildFile; fileRef = 438D38B4235E0C8E004F4B1E /* Session.swift */; };
		438D38B7235E0FC1004F4B1E /* MainViewController.swift in Sources */ = {isa = PBXBuildFile; fileRef = 438D38B6235E0FC1004F4B1E /* MainViewController.swift */; };
		438D38BA235F863A004F4B1E /* CircleImageView.swift in Sources */ = {isa = PBXBuildFile; fileRef = 438D38B9235F863A004F4B1E /* CircleImageView.swift */; };
		438D38BC2360CA57004F4B1E /* ProfileView.swift in Sources */ = {isa = PBXBuildFile; fileRef = 438D38BB2360CA57004F4B1E /* ProfileView.swift */; };
/* End PBXBuildFile section */

/* Begin PBXContainerItemProxy section */
		438D388B235DF98E004F4B1E /* PBXContainerItemProxy */ = {
			isa = PBXContainerItemProxy;
			containerPortal = 438D386E235DF98D004F4B1E /* Project object */;
			proxyType = 1;
			remoteGlobalIDString = 438D3875235DF98D004F4B1E;
			remoteInfo = ClientServer;
		};
		438D3896235DF98E004F4B1E /* PBXContainerItemProxy */ = {
			isa = PBXContainerItemProxy;
			containerPortal = 438D386E235DF98D004F4B1E /* Project object */;
			proxyType = 1;
			remoteGlobalIDString = 438D3875235DF98D004F4B1E;
			remoteInfo = ClientServer;
		};
/* End PBXContainerItemProxy section */

/* Begin PBXFileReference section */
		438D3876235DF98D004F4B1E /* ClientServer.app */ = {isa = PBXFileReference; explicitFileType = wrapper.application; includeInIndex = 0; path = ClientServer.app; sourceTree = BUILT_PRODUCTS_DIR; };
		438D3879235DF98D004F4B1E /* AppDelegate.swift */ = {isa = PBXFileReference; lastKnownFileType = sourcecode.swift; path = AppDelegate.swift; sourceTree = "<group>"; };
		438D387E235DF98D004F4B1E /* Base */ = {isa = PBXFileReference; lastKnownFileType = file.storyboard; name = Base; path = Base.lproj/Main.storyboard; sourceTree = "<group>"; };
		438D3880235DF98E004F4B1E /* Assets.xcassets */ = {isa = PBXFileReference; lastKnownFileType = folder.assetcatalog; path = Assets.xcassets; sourceTree = "<group>"; };
		438D3883235DF98E004F4B1E /* Base */ = {isa = PBXFileReference; lastKnownFileType = file.storyboard; name = Base; path = Base.lproj/LaunchScreen.storyboard; sourceTree = "<group>"; };
		438D3885235DF98E004F4B1E /* Info.plist */ = {isa = PBXFileReference; lastKnownFileType = text.plist.xml; path = Info.plist; sourceTree = "<group>"; };
		438D388A235DF98E004F4B1E /* ClientServerTests.xctest */ = {isa = PBXFileReference; explicitFileType = wrapper.cfbundle; includeInIndex = 0; path = ClientServerTests.xctest; sourceTree = BUILT_PRODUCTS_DIR; };
		438D388E235DF98E004F4B1E /* ClientServerTests.swift */ = {isa = PBXFileReference; lastKnownFileType = sourcecode.swift; path = ClientServerTests.swift; sourceTree = "<group>"; };
		438D3890235DF98E004F4B1E /* Info.plist */ = {isa = PBXFileReference; lastKnownFileType = text.plist.xml; path = Info.plist; sourceTree = "<group>"; };
		438D3895235DF98E004F4B1E /* ClientServerUITests.xctest */ = {isa = PBXFileReference; explicitFileType = wrapper.cfbundle; includeInIndex = 0; path = ClientServerUITests.xctest; sourceTree = BUILT_PRODUCTS_DIR; };
		438D3899235DF98E004F4B1E /* ClientServerUITests.swift */ = {isa = PBXFileReference; lastKnownFileType = sourcecode.swift; path = ClientServerUITests.swift; sourceTree = "<group>"; };
		438D389B235DF98E004F4B1E /* Info.plist */ = {isa = PBXFileReference; lastKnownFileType = text.plist.xml; path = Info.plist; sourceTree = "<group>"; };
		438D38A8235DF9FB004F4B1E /* LaunchViewController.swift */ = {isa = PBXFileReference; lastKnownFileType = sourcecode.swift; path = LaunchViewController.swift; sourceTree = "<group>"; };
		438D38B4235E0C8E004F4B1E /* Session.swift */ = {isa = PBXFileReference; lastKnownFileType = sourcecode.swift; path = Session.swift; sourceTree = "<group>"; };
		438D38B6235E0FC1004F4B1E /* MainViewController.swift */ = {isa = PBXFileReference; lastKnownFileType = sourcecode.swift; path = MainViewController.swift; sourceTree = "<group>"; };
		438D38B9235F863A004F4B1E /* CircleImageView.swift */ = {isa = PBXFileReference; lastKnownFileType = sourcecode.swift; path = CircleImageView.swift; sourceTree = "<group>"; };
		438D38BB2360CA57004F4B1E /* ProfileView.swift */ = {isa = PBXFileReference; lastKnownFileType = sourcecode.swift; path = ProfileView.swift; sourceTree = "<group>"; };
/* End PBXFileReference section */

/* Begin PBXFrameworksBuildPhase section */
		438D3873235DF98D004F4B1E /* Frameworks */ = {
			isa = PBXFrameworksBuildPhase;
			buildActionMask = 2147483647;
			files = (
			);
			runOnlyForDeploymentPostprocessing = 0;
		};
		438D3887235DF98E004F4B1E /* Frameworks */ = {
			isa = PBXFrameworksBuildPhase;
			buildActionMask = 2147483647;
			files = (
			);
			runOnlyForDeploymentPostprocessing = 0;
		};
		438D3892235DF98E004F4B1E /* Frameworks */ = {
			isa = PBXFrameworksBuildPhase;
			buildActionMask = 2147483647;
			files = (
			);
			runOnlyForDeploymentPostprocessing = 0;
		};
/* End PBXFrameworksBuildPhase section */

/* Begin PBXGroup section */
		438D386D235DF98D004F4B1E = {
			isa = PBXGroup;
			children = (
				438D3878235DF98D004F4B1E /* ClientServer */,
				438D388D235DF98E004F4B1E /* ClientServerTests */,
				438D3898235DF98E004F4B1E /* ClientServerUITests */,
				438D3877235DF98D004F4B1E /* Products */,
			);
			sourceTree = "<group>";
		};
		438D3877235DF98D004F4B1E /* Products */ = {
			isa = PBXGroup;
			children = (
				438D3876235DF98D004F4B1E /* ClientServer.app */,
				438D388A235DF98E004F4B1E /* ClientServerTests.xctest */,
				438D3895235DF98E004F4B1E /* ClientServerUITests.xctest */,
			);
			name = Products;
			sourceTree = "<group>";
		};
		438D3878235DF98D004F4B1E /* ClientServer */ = {
			isa = PBXGroup;
			children = (
				438D38B8235F85EE004F4B1E /* Views */,
				438D38B3235E0C5C004F4B1E /* Services */,
				438D38A7235DF9D2004F4B1E /* Controllers */,
				438D3879235DF98D004F4B1E /* AppDelegate.swift */,
				438D387D235DF98D004F4B1E /* Main.storyboard */,
				438D3880235DF98E004F4B1E /* Assets.xcassets */,
				438D3882235DF98E004F4B1E /* LaunchScreen.storyboard */,
				438D3885235DF98E004F4B1E /* Info.plist */,
			);
			path = ClientServer;
			sourceTree = "<group>";
		};
		438D388D235DF98E004F4B1E /* ClientServerTests */ = {
			isa = PBXGroup;
			children = (
				438D388E235DF98E004F4B1E /* ClientServerTests.swift */,
				438D3890235DF98E004F4B1E /* Info.plist */,
			);
			path = ClientServerTests;
			sourceTree = "<group>";
		};
		438D3898235DF98E004F4B1E /* ClientServerUITests */ = {
			isa = PBXGroup;
			children = (
				438D3899235DF98E004F4B1E /* ClientServerUITests.swift */,
				438D389B235DF98E004F4B1E /* Info.plist */,
			);
			path = ClientServerUITests;
			sourceTree = "<group>";
		};
		438D38A7235DF9D2004F4B1E /* Controllers */ = {
			isa = PBXGroup;
			children = (
				438D38A8235DF9FB004F4B1E /* LaunchViewController.swift */,
				438D38B6235E0FC1004F4B1E /* MainViewController.swift */,
			);
			path = Controllers;
			sourceTree = "<group>";
		};
		438D38B3235E0C5C004F4B1E /* Services */ = {
			isa = PBXGroup;
			children = (
				438D38B4235E0C8E004F4B1E /* Session.swift */,
			);
			path = Services;
			sourceTree = "<group>";
		};
		438D38B8235F85EE004F4B1E /* Views */ = {
			isa = PBXGroup;
			children = (
				438D38B9235F863A004F4B1E /* CircleImageView.swift */,
				438D38BB2360CA57004F4B1E /* ProfileView.swift */,
			);
			path = Views;
			sourceTree = "<group>";
		};
/* End PBXGroup section */

/* Begin PBXNativeTarget section */
		438D3875235DF98D004F4B1E /* ClientServer */ = {
			isa = PBXNativeTarget;
			buildConfigurationList = 438D389E235DF98E004F4B1E /* Build configuration list for PBXNativeTarget "ClientServer" */;
			buildPhases = (
				438D3872235DF98D004F4B1E /* Sources */,
				438D3873235DF98D004F4B1E /* Frameworks */,
				438D3874235DF98D004F4B1E /* Resources */,
			);
			buildRules = (
			);
			dependencies = (
			);
			name = ClientServer;
			productName = ClientServer;
			productReference = 438D3876235DF98D004F4B1E /* ClientServer.app */;
			productType = "com.apple.product-type.application";
		};
		438D3889235DF98E004F4B1E /* ClientServerTests */ = {
			isa = PBXNativeTarget;
			buildConfigurationList = 438D38A1235DF98E004F4B1E /* Build configuration list for PBXNativeTarget "ClientServerTests" */;
			buildPhases = (
				438D3886235DF98E004F4B1E /* Sources */,
				438D3887235DF98E004F4B1E /* Frameworks */,
				438D3888235DF98E004F4B1E /* Resources */,
			);
			buildRules = (
			);
			dependencies = (
				438D388C235DF98E004F4B1E /* PBXTargetDependency */,
			);
			name = ClientServerTests;
			productName = ClientServerTests;
			productReference = 438D388A235DF98E004F4B1E /* ClientServerTests.xctest */;
			productType = "com.apple.product-type.bundle.unit-test";
		};
		438D3894235DF98E004F4B1E /* ClientServerUITests */ = {
			isa = PBXNativeTarget;
			buildConfigurationList = 438D38A4235DF98E004F4B1E /* Build configuration list for PBXNativeTarget "ClientServerUITests" */;
			buildPhases = (
				438D3891235DF98E004F4B1E /* Sources */,
				438D3892235DF98E004F4B1E /* Frameworks */,
				438D3893235DF98E004F4B1E /* Resources */,
			);
			buildRules = (
			);
			dependencies = (
				438D3897235DF98E004F4B1E /* PBXTargetDependency */,
			);
			name = ClientServerUITests;
			productName = ClientServerUITests;
			productReference = 438D3895235DF98E004F4B1E /* ClientServerUITests.xctest */;
			productType = "com.apple.product-type.bundle.ui-testing";
		};
/* End PBXNativeTarget section */

/* Begin PBXProject section */
		438D386E235DF98D004F4B1E /* Project object */ = {
			isa = PBXProject;
			attributes = {
				LastSwiftUpdateCheck = 1030;
				LastUpgradeCheck = 1030;
				ORGANIZATIONNAME = "Alex Larin";
				TargetAttributes = {
					438D3875235DF98D004F4B1E = {
						CreatedOnToolsVersion = 10.3;
					};
					438D3889235DF98E004F4B1E = {
						CreatedOnToolsVersion = 10.3;
						TestTargetID = 438D3875235DF98D004F4B1E;
					};
					438D3894235DF98E004F4B1E = {
						CreatedOnToolsVersion = 10.3;
						TestTargetID = 438D3875235DF98D004F4B1E;
					};
				};
			};
			buildConfigurationList = 438D3871235DF98D004F4B1E /* Build configuration list for PBXProject "ClientServer" */;
			compatibilityVersion = "Xcode 9.3";
			developmentRegion = en;
			hasScannedForEncodings = 0;
			knownRegions = (
				en,
				Base,
			);
			mainGroup = 438D386D235DF98D004F4B1E;
			productRefGroup = 438D3877235DF98D004F4B1E /* Products */;
			projectDirPath = "";
			projectRoot = "";
			targets = (
				438D3875235DF98D004F4B1E /* ClientServer */,
				438D3889235DF98E004F4B1E /* ClientServerTests */,
				438D3894235DF98E004F4B1E /* ClientServerUITests */,
			);
		};
/* End PBXProject section */

/* Begin PBXResourcesBuildPhase section */
		438D3874235DF98D004F4B1E /* Resources */ = {
			isa = PBXResourcesBuildPhase;
			buildActionMask = 2147483647;
			files = (
				438D3884235DF98E004F4B1E /* LaunchScreen.storyboard in Resources */,
				438D3881235DF98E004F4B1E /* Assets.xcassets in Resources */,
				438D387F235DF98D004F4B1E /* Main.storyboard in Resources */,
			);
			runOnlyForDeploymentPostprocessing = 0;
		};
		438D3888235DF98E004F4B1E /* Resources */ = {
			isa = PBXResourcesBuildPhase;
			buildActionMask = 2147483647;
			files = (
			);
			runOnlyForDeploymentPostprocessing = 0;
		};
		438D3893235DF98E004F4B1E /* Resources */ = {
			isa = PBXResourcesBuildPhase;
			buildActionMask = 2147483647;
			files = (
			);
			runOnlyForDeploymentPostprocessing = 0;
		};
/* End PBXResourcesBuildPhase section */

/* Begin PBXSourcesBuildPhase section */
		438D3872235DF98D004F4B1E /* Sources */ = {
			isa = PBXSourcesBuildPhase;
			buildActionMask = 2147483647;
			files = (
				438D38B5235E0C8E004F4B1E /* Session.swift in Sources */,
				438D38BA235F863A004F4B1E /* CircleImageView.swift in Sources */,
				438D38BC2360CA57004F4B1E /* ProfileView.swift in Sources */,
				438D38A9235DF9FB004F4B1E /* LaunchViewController.swift in Sources */,
				438D387A235DF98D004F4B1E /* AppDelegate.swift in Sources */,
				438D38B7235E0FC1004F4B1E /* MainViewController.swift in Sources */,
			);
			runOnlyForDeploymentPostprocessing = 0;
		};
		438D3886235DF98E004F4B1E /* Sources */ = {
			isa = PBXSourcesBuildPhase;
			buildActionMask = 2147483647;
			files = (
				438D388F235DF98E004F4B1E /* ClientServerTests.swift in Sources */,
			);
			runOnlyForDeploymentPostprocessing = 0;
		};
		438D3891235DF98E004F4B1E /* Sources */ = {
			isa = PBXSourcesBuildPhase;
			buildActionMask = 2147483647;
			files = (
				438D389A235DF98E004F4B1E /* ClientServerUITests.swift in Sources */,
			);
			runOnlyForDeploymentPostprocessing = 0;
		};
/* End PBXSourcesBuildPhase section */

/* Begin PBXTargetDependency section */
		438D388C235DF98E004F4B1E /* PBXTargetDependency */ = {
			isa = PBXTargetDependency;
			target = 438D3875235DF98D004F4B1E /* ClientServer */;
			targetProxy = 438D388B235DF98E004F4B1E /* PBXContainerItemProxy */;
		};
		438D3897235DF98E004F4B1E /* PBXTargetDependency */ = {
			isa = PBXTargetDependency;
			target = 438D3875235DF98D004F4B1E /* ClientServer */;
			targetProxy = 438D3896235DF98E004F4B1E /* PBXContainerItemProxy */;
		};
/* End PBXTargetDependency section */

/* Begin PBXVariantGroup section */
		438D387D235DF98D004F4B1E /* Main.storyboard */ = {
			isa = PBXVariantGroup;
			children = (
				438D387E235DF98D004F4B1E /* Base */,
			);
			name = Main.storyboard;
			sourceTree = "<group>";
		};
		438D3882235DF98E004F4B1E /* LaunchScreen.storyboard */ = {
			isa = PBXVariantGroup;
			children = (
				438D3883235DF98E004F4B1E /* Base */,
			);
			name = LaunchScreen.storyboard;
			sourceTree = "<group>";
		};
/* End PBXVariantGroup section */

/* Begin XCBuildConfiguration section */
		438D389C235DF98E004F4B1E /* Debug */ = {
			isa = XCBuildConfiguration;
			buildSettings = {
				ALWAYS_SEARCH_USER_PATHS = NO;
				CLANG_ANALYZER_NONNULL = YES;
				CLANG_ANALYZER_NUMBER_OBJECT_CONVERSION = YES_AGGRESSIVE;
				CLANG_CXX_LANGUAGE_STANDARD = "gnu++14";
				CLANG_CXX_LIBRARY = "libc++";
				CLANG_ENABLE_MODULES = YES;
				CLANG_ENABLE_OBJC_ARC = YES;
				CLANG_ENABLE_OBJC_WEAK = YES;
				CLANG_WARN_BLOCK_CAPTURE_AUTORELEASING = YES;
				CLANG_WARN_BOOL_CONVERSION = YES;
				CLANG_WARN_COMMA = YES;
				CLANG_WARN_CONSTANT_CONVERSION = YES;
				CLANG_WARN_DEPRECATED_OBJC_IMPLEMENTATIONS = YES;
				CLANG_WARN_DIRECT_OBJC_ISA_USAGE = YES_ERROR;
				CLANG_WARN_DOCUMENTATION_COMMENTS = YES;
				CLANG_WARN_EMPTY_BODY = YES;
				CLANG_WARN_ENUM_CONVERSION = YES;
				CLANG_WARN_INFINITE_RECURSION = YES;
				CLANG_WARN_INT_CONVERSION = YES;
				CLANG_WARN_NON_LITERAL_NULL_CONVERSION = YES;
				CLANG_WARN_OBJC_IMPLICIT_RETAIN_SELF = YES;
				CLANG_WARN_OBJC_LITERAL_CONVERSION = YES;
				CLANG_WARN_OBJC_ROOT_CLASS = YES_ERROR;
				CLANG_WARN_RANGE_LOOP_ANALYSIS = YES;
				CLANG_WARN_STRICT_PROTOTYPES = YES;
				CLANG_WARN_SUSPICIOUS_MOVE = YES;
				CLANG_WARN_UNGUARDED_AVAILABILITY = YES_AGGRESSIVE;
				CLANG_WARN_UNREACHABLE_CODE = YES;
				CLANG_WARN__DUPLICATE_METHOD_MATCH = YES;
				CODE_SIGN_IDENTITY = "iPhone Developer";
				COPY_PHASE_STRIP = NO;
				DEBUG_INFORMATION_FORMAT = dwarf;
				ENABLE_STRICT_OBJC_MSGSEND = YES;
				ENABLE_TESTABILITY = YES;
				GCC_C_LANGUAGE_STANDARD = gnu11;
				GCC_DYNAMIC_NO_PIC = NO;
				GCC_NO_COMMON_BLOCKS = YES;
				GCC_OPTIMIZATION_LEVEL = 0;
				GCC_PREPROCESSOR_DEFINITIONS = (
					"DEBUG=1",
					"$(inherited)",
				);
				GCC_WARN_64_TO_32_BIT_CONVERSION = YES;
				GCC_WARN_ABOUT_RETURN_TYPE = YES_ERROR;
				GCC_WARN_UNDECLARED_SELECTOR = YES;
				GCC_WARN_UNINITIALIZED_AUTOS = YES_AGGRESSIVE;
				GCC_WARN_UNUSED_FUNCTION = YES;
				GCC_WARN_UNUSED_VARIABLE = YES;
				IPHONEOS_DEPLOYMENT_TARGET = 12.4;
				MTL_ENABLE_DEBUG_INFO = INCLUDE_SOURCE;
				MTL_FAST_MATH = YES;
				ONLY_ACTIVE_ARCH = YES;
				SDKROOT = iphoneos;
				SWIFT_ACTIVE_COMPILATION_CONDITIONS = DEBUG;
				SWIFT_OPTIMIZATION_LEVEL = "-Onone";
			};
			name = Debug;
		};
		438D389D235DF98E004F4B1E /* Release */ = {
			isa = XCBuildConfiguration;
			buildSettings = {
				ALWAYS_SEARCH_USER_PATHS = NO;
				CLANG_ANALYZER_NONNULL = YES;
				CLANG_ANALYZER_NUMBER_OBJECT_CONVERSION = YES_AGGRESSIVE;
				CLANG_CXX_LANGUAGE_STANDARD = "gnu++14";
				CLANG_CXX_LIBRARY = "libc++";
				CLANG_ENABLE_MODULES = YES;
				CLANG_ENABLE_OBJC_ARC = YES;
				CLANG_ENABLE_OBJC_WEAK = YES;
				CLANG_WARN_BLOCK_CAPTURE_AUTORELEASING = YES;
				CLANG_WARN_BOOL_CONVERSION = YES;
				CLANG_WARN_COMMA = YES;
				CLANG_WARN_CONSTANT_CONVERSION = YES;
				CLANG_WARN_DEPRECATED_OBJC_IMPLEMENTATIONS = YES;
				CLANG_WARN_DIRECT_OBJC_ISA_USAGE = YES_ERROR;
				CLANG_WARN_DOCUMENTATION_COMMENTS = YES;
				CLANG_WARN_EMPTY_BODY = YES;
				CLANG_WARN_ENUM_CONVERSION = YES;
				CLANG_WARN_INFINITE_RECURSION = YES;
				CLANG_WARN_INT_CONVERSION = YES;
				CLANG_WARN_NON_LITERAL_NULL_CONVERSION = YES;
				CLANG_WARN_OBJC_IMPLICIT_RETAIN_SELF = YES;
				CLANG_WARN_OBJC_LITERAL_CONVERSION = YES;
				CLANG_WARN_OBJC_ROOT_CLASS = YES_ERROR;
				CLANG_WARN_RANGE_LOOP_ANALYSIS = YES;
				CLANG_WARN_STRICT_PROTOTYPES = YES;
				CLANG_WARN_SUSPICIOUS_MOVE = YES;
				CLANG_WARN_UNGUARDED_AVAILABILITY = YES_AGGRESSIVE;
				CLANG_WARN_UNREACHABLE_CODE = YES;
				CLANG_WARN__DUPLICATE_METHOD_MATCH = YES;
				CODE_SIGN_IDENTITY = "iPhone Developer";
				COPY_PHASE_STRIP = NO;
				DEBUG_INFORMATION_FORMAT = "dwarf-with-dsym";
				ENABLE_NS_ASSERTIONS = NO;
				ENABLE_STRICT_OBJC_MSGSEND = YES;
				GCC_C_LANGUAGE_STANDARD = gnu11;
				GCC_NO_COMMON_BLOCKS = YES;
				GCC_WARN_64_TO_32_BIT_CONVERSION = YES;
				GCC_WARN_ABOUT_RETURN_TYPE = YES_ERROR;
				GCC_WARN_UNDECLARED_SELECTOR = YES;
				GCC_WARN_UNINITIALIZED_AUTOS = YES_AGGRESSIVE;
				GCC_WARN_UNUSED_FUNCTION = YES;
				GCC_WARN_UNUSED_VARIABLE = YES;
				IPHONEOS_DEPLOYMENT_TARGET = 12.4;
				MTL_ENABLE_DEBUG_INFO = NO;
				MTL_FAST_MATH = YES;
				SDKROOT = iphoneos;
				SWIFT_COMPILATION_MODE = wholemodule;
				SWIFT_OPTIMIZATION_LEVEL = "-O";
				VALIDATE_PRODUCT = YES;
			};
			name = Release;
		};
		438D389F235DF98E004F4B1E /* Debug */ = {
			isa = XCBuildConfiguration;
			buildSettings = {
				ASSETCATALOG_COMPILER_APPICON_NAME = AppIcon;
				CODE_SIGN_STYLE = Automatic;
				DEVELOPMENT_TEAM = H8D2UQ584W;
				INFOPLIST_FILE = ClientServer/Info.plist;
				LD_RUNPATH_SEARCH_PATHS = (
					"$(inherited)",
					"@executable_path/Frameworks",
				);
				PRODUCT_BUNDLE_IDENTIFIER = AlexLarin.ClientServer;
				PRODUCT_NAME = "$(TARGET_NAME)";
				SWIFT_VERSION = 5.0;
				TARGETED_DEVICE_FAMILY = "1,2";
			};
			name = Debug;
		};
		438D38A0235DF98E004F4B1E /* Release */ = {
			isa = XCBuildConfiguration;
			buildSettings = {
				ASSETCATALOG_COMPILER_APPICON_NAME = AppIcon;
				CODE_SIGN_STYLE = Automatic;
				DEVELOPMENT_TEAM = H8D2UQ584W;
				INFOPLIST_FILE = ClientServer/Info.plist;
				LD_RUNPATH_SEARCH_PATHS = (
					"$(inherited)",
					"@executable_path/Frameworks",
				);
				PRODUCT_BUNDLE_IDENTIFIER = AlexLarin.ClientServer;
				PRODUCT_NAME = "$(TARGET_NAME)";
				SWIFT_VERSION = 5.0;
				TARGETED_DEVICE_FAMILY = "1,2";
			};
			name = Release;
		};
		438D38A2235DF98E004F4B1E /* Debug */ = {
			isa = XCBuildConfiguration;
			buildSettings = {
				ALWAYS_EMBED_SWIFT_STANDARD_LIBRARIES = YES;
				BUNDLE_LOADER = "$(TEST_HOST)";
				CODE_SIGN_STYLE = Automatic;
				DEVELOPMENT_TEAM = H8D2UQ584W;
				INFOPLIST_FILE = ClientServerTests/Info.plist;
				LD_RUNPATH_SEARCH_PATHS = (
					"$(inherited)",
					"@executable_path/Frameworks",
					"@loader_path/Frameworks",
				);
				PRODUCT_BUNDLE_IDENTIFIER = AlexLarin.ClientServerTests;
				PRODUCT_NAME = "$(TARGET_NAME)";
				SWIFT_VERSION = 5.0;
				TARGETED_DEVICE_FAMILY = "1,2";
				TEST_HOST = "$(BUILT_PRODUCTS_DIR)/ClientServer.app/ClientServer";
			};
			name = Debug;
		};
		438D38A3235DF98E004F4B1E /* Release */ = {
			isa = XCBuildConfiguration;
			buildSettings = {
				ALWAYS_EMBED_SWIFT_STANDARD_LIBRARIES = YES;
				BUNDLE_LOADER = "$(TEST_HOST)";
				CODE_SIGN_STYLE = Automatic;
				DEVELOPMENT_TEAM = H8D2UQ584W;
				INFOPLIST_FILE = ClientServerTests/Info.plist;
				LD_RUNPATH_SEARCH_PATHS = (
					"$(inherited)",
					"@executable_path/Frameworks",
					"@loader_path/Frameworks",
				);
				PRODUCT_BUNDLE_IDENTIFIER = AlexLarin.ClientServerTests;
				PRODUCT_NAME = "$(TARGET_NAME)";
				SWIFT_VERSION = 5.0;
				TARGETED_DEVICE_FAMILY = "1,2";
				TEST_HOST = "$(BUILT_PRODUCTS_DIR)/ClientServer.app/ClientServer";
			};
			name = Release;
		};
		438D38A5235DF98E004F4B1E /* Debug */ = {
			isa = XCBuildConfiguration;
			buildSettings = {
				ALWAYS_EMBED_SWIFT_STANDARD_LIBRARIES = YES;
				CODE_SIGN_STYLE = Automatic;
				DEVELOPMENT_TEAM = H8D2UQ584W;
				INFOPLIST_FILE = ClientServerUITests/Info.plist;
				LD_RUNPATH_SEARCH_PATHS = (
					"$(inherited)",
					"@executable_path/Frameworks",
					"@loader_path/Frameworks",
				);
				PRODUCT_BUNDLE_IDENTIFIER = AlexLarin.ClientServerUITests;
				PRODUCT_NAME = "$(TARGET_NAME)";
				SWIFT_VERSION = 5.0;
				TARGETED_DEVICE_FAMILY = "1,2";
				TEST_TARGET_NAME = ClientServer;
			};
			name = Debug;
		};
		438D38A6235DF98E004F4B1E /* Release */ = {
			isa = XCBuildConfiguration;
			buildSettings = {
				ALWAYS_EMBED_SWIFT_STANDARD_LIBRARIES = YES;
				CODE_SIGN_STYLE = Automatic;
				DEVELOPMENT_TEAM = H8D2UQ584W;
				INFOPLIST_FILE = ClientServerUITests/Info.plist;
				LD_RUNPATH_SEARCH_PATHS = (
					"$(inherited)",
					"@executable_path/Frameworks",
					"@loader_path/Frameworks",
				);
				PRODUCT_BUNDLE_IDENTIFIER = AlexLarin.ClientServerUITests;
				PRODUCT_NAME = "$(TARGET_NAME)";
				SWIFT_VERSION = 5.0;
				TARGETED_DEVICE_FAMILY = "1,2";
				TEST_TARGET_NAME = ClientServer;
			};
			name = Release;
		};
/* End XCBuildConfiguration section */

/* Begin XCConfigurationList section */
		438D3871235DF98D004F4B1E /* Build configuration list for PBXProject "ClientServer" */ = {
			isa = XCConfigurationList;
			buildConfigurations = (
				438D389C235DF98E004F4B1E /* Debug */,
				438D389D235DF98E004F4B1E /* Release */,
			);
			defaultConfigurationIsVisible = 0;
			defaultConfigurationName = Release;
		};
		438D389E235DF98E004F4B1E /* Build configuration list for PBXNativeTarget "ClientServer" */ = {
			isa = XCConfigurationList;
			buildConfigurations = (
				438D389F235DF98E004F4B1E /* Debug */,
				438D38A0235DF98E004F4B1E /* Release */,
			);
			defaultConfigurationIsVisible = 0;
			defaultConfigurationName = Release;
		};
		438D38A1235DF98E004F4B1E /* Build configuration list for PBXNativeTarget "ClientServerTests" */ = {
			isa = XCConfigurationList;
			buildConfigurations = (
				438D38A2235DF98E004F4B1E /* Debug */,
				438D38A3235DF98E004F4B1E /* Release */,
			);
			defaultConfigurationIsVisible = 0;
			defaultConfigurationName = Release;
		};
		438D38A4235DF98E004F4B1E /* Build configuration list for PBXNativeTarget "ClientServerUITests" */ = {
			isa = XCConfigurationList;
			buildConfigurations = (
				438D38A5235DF98E004F4B1E /* Debug */,
				438D38A6235DF98E004F4B1E /* Release */,
			);
			defaultConfigurationIsVisible = 0;
			defaultConfigurationName = Release;
		};
/* End XCConfigurationList section */
	};
	rootObject = 438D386E235DF98D004F4B1E /* Project object */;
}
