// !$*UTF8*$!
{
	archiveVersion = 1;
	classes = {
	};
	objectVersion = 50;
	objects = {

/* Begin PBXBuildFile section */
		43084DAE235DF4C60094FD64 /* AppDelegate.swift in Sources */ = {isa = PBXBuildFile; fileRef = 43084DAD235DF4C60094FD64 /* AppDelegate.swift */; };
		43084DB0235DF4C60094FD64 /* ViewController.swift in Sources */ = {isa = PBXBuildFile; fileRef = 43084DAF235DF4C60094FD64 /* ViewController.swift */; };
		43084DB3235DF4C60094FD64 /* Main.storyboard in Resources */ = {isa = PBXBuildFile; fileRef = 43084DB1235DF4C60094FD64 /* Main.storyboard */; };
		43084DB5235DF4C70094FD64 /* Assets.xcassets in Resources */ = {isa = PBXBuildFile; fileRef = 43084DB4235DF4C70094FD64 /* Assets.xcassets */; };
		43084DB8235DF4C70094FD64 /* LaunchScreen.storyboard in Resources */ = {isa = PBXBuildFile; fileRef = 43084DB6235DF4C70094FD64 /* LaunchScreen.storyboard */; };
		43084DC3235DF4C70094FD64 /* ClientServerTests.swift in Sources */ = {isa = PBXBuildFile; fileRef = 43084DC2235DF4C70094FD64 /* ClientServerTests.swift */; };
		43084DCE235DF4C70094FD64 /* ClientServerUITests.swift in Sources */ = {isa = PBXBuildFile; fileRef = 43084DCD235DF4C70094FD64 /* ClientServerUITests.swift */; };
/* End PBXBuildFile section */

/* Begin PBXContainerItemProxy section */
		43084DBF235DF4C70094FD64 /* PBXContainerItemProxy */ = {
			isa = PBXContainerItemProxy;
			containerPortal = 43084DA2235DF4C60094FD64 /* Project object */;
			proxyType = 1;
			remoteGlobalIDString = 43084DA9235DF4C60094FD64;
			remoteInfo = ClientServer;
		};
		43084DCA235DF4C70094FD64 /* PBXContainerItemProxy */ = {
			isa = PBXContainerItemProxy;
			containerPortal = 43084DA2235DF4C60094FD64 /* Project object */;
			proxyType = 1;
			remoteGlobalIDString = 43084DA9235DF4C60094FD64;
			remoteInfo = ClientServer;
		};
/* End PBXContainerItemProxy section */

/* Begin PBXFileReference section */
		43084DAA235DF4C60094FD64 /* ClientServer.app */ = {isa = PBXFileReference; explicitFileType = wrapper.application; includeInIndex = 0; path = ClientServer.app; sourceTree = BUILT_PRODUCTS_DIR; };
		43084DAD235DF4C60094FD64 /* AppDelegate.swift */ = {isa = PBXFileReference; lastKnownFileType = sourcecode.swift; path = AppDelegate.swift; sourceTree = "<group>"; };
		43084DAF235DF4C60094FD64 /* ViewController.swift */ = {isa = PBXFileReference; lastKnownFileType = sourcecode.swift; path = ViewController.swift; sourceTree = "<group>"; };
		43084DB2235DF4C60094FD64 /* Base */ = {isa = PBXFileReference; lastKnownFileType = file.storyboard; name = Base; path = Base.lproj/Main.storyboard; sourceTree = "<group>"; };
		43084DB4235DF4C70094FD64 /* Assets.xcassets */ = {isa = PBXFileReference; lastKnownFileType = folder.assetcatalog; path = Assets.xcassets; sourceTree = "<group>"; };
		43084DB7235DF4C70094FD64 /* Base */ = {isa = PBXFileReference; lastKnownFileType = file.storyboard; name = Base; path = Base.lproj/LaunchScreen.storyboard; sourceTree = "<group>"; };
		43084DB9235DF4C70094FD64 /* Info.plist */ = {isa = PBXFileReference; lastKnownFileType = text.plist.xml; path = Info.plist; sourceTree = "<group>"; };
		43084DBE235DF4C70094FD64 /* ClientServerTests.xctest */ = {isa = PBXFileReference; explicitFileType = wrapper.cfbundle; includeInIndex = 0; path = ClientServerTests.xctest; sourceTree = BUILT_PRODUCTS_DIR; };
		43084DC2235DF4C70094FD64 /* ClientServerTests.swift */ = {isa = PBXFileReference; lastKnownFileType = sourcecode.swift; path = ClientServerTests.swift; sourceTree = "<group>"; };
		43084DC4235DF4C70094FD64 /* Info.plist */ = {isa = PBXFileReference; lastKnownFileType = text.plist.xml; path = Info.plist; sourceTree = "<group>"; };
		43084DC9235DF4C70094FD64 /* ClientServerUITests.xctest */ = {isa = PBXFileReference; explicitFileType = wrapper.cfbundle; includeInIndex = 0; path = ClientServerUITests.xctest; sourceTree = BUILT_PRODUCTS_DIR; };
		43084DCD235DF4C70094FD64 /* ClientServerUITests.swift */ = {isa = PBXFileReference; lastKnownFileType = sourcecode.swift; path = ClientServerUITests.swift; sourceTree = "<group>"; };
		43084DCF235DF4C70094FD64 /* Info.plist */ = {isa = PBXFileReference; lastKnownFileType = text.plist.xml; path = Info.plist; sourceTree = "<group>"; };
/* End PBXFileReference section */

/* Begin PBXFrameworksBuildPhase section */
		43084DA7235DF4C60094FD64 /* Frameworks */ = {
			isa = PBXFrameworksBuildPhase;
			buildActionMask = 2147483647;
			files = (
			);
			runOnlyForDeploymentPostprocessing = 0;
		};
		43084DBB235DF4C70094FD64 /* Frameworks */ = {
			isa = PBXFrameworksBuildPhase;
			buildActionMask = 2147483647;
			files = (
			);
			runOnlyForDeploymentPostprocessing = 0;
		};
		43084DC6235DF4C70094FD64 /* Frameworks */ = {
			isa = PBXFrameworksBuildPhase;
			buildActionMask = 2147483647;
			files = (
			);
			runOnlyForDeploymentPostprocessing = 0;
		};
/* End PBXFrameworksBuildPhase section */

/* Begin PBXGroup section */
		43084DA1235DF4C60094FD64 = {
			isa = PBXGroup;
			children = (
				43084DAC235DF4C60094FD64 /* ClientServer */,
				43084DC1235DF4C70094FD64 /* ClientServerTests */,
				43084DCC235DF4C70094FD64 /* ClientServerUITests */,
				43084DAB235DF4C60094FD64 /* Products */,
			);
			sourceTree = "<group>";
		};
		43084DAB235DF4C60094FD64 /* Products */ = {
			isa = PBXGroup;
			children = (
				43084DAA235DF4C60094FD64 /* ClientServer.app */,
				43084DBE235DF4C70094FD64 /* ClientServerTests.xctest */,
				43084DC9235DF4C70094FD64 /* ClientServerUITests.xctest */,
			);
			name = Products;
			sourceTree = "<group>";
		};
		43084DAC235DF4C60094FD64 /* ClientServer */ = {
			isa = PBXGroup;
			children = (
				43084DAD235DF4C60094FD64 /* AppDelegate.swift */,
				43084DAF235DF4C60094FD64 /* ViewController.swift */,
				43084DB1235DF4C60094FD64 /* Main.storyboard */,
				43084DB4235DF4C70094FD64 /* Assets.xcassets */,
				43084DB6235DF4C70094FD64 /* LaunchScreen.storyboard */,
				43084DB9235DF4C70094FD64 /* Info.plist */,
			);
			path = ClientServer;
			sourceTree = "<group>";
		};
		43084DC1235DF4C70094FD64 /* ClientServerTests */ = {
			isa = PBXGroup;
			children = (
				43084DC2235DF4C70094FD64 /* ClientServerTests.swift */,
				43084DC4235DF4C70094FD64 /* Info.plist */,
			);
			path = ClientServerTests;
			sourceTree = "<group>";
		};
		43084DCC235DF4C70094FD64 /* ClientServerUITests */ = {
			isa = PBXGroup;
			children = (
				43084DCD235DF4C70094FD64 /* ClientServerUITests.swift */,
				43084DCF235DF4C70094FD64 /* Info.plist */,
			);
			path = ClientServerUITests;
			sourceTree = "<group>";
		};
/* End PBXGroup section */

/* Begin PBXNativeTarget section */
		43084DA9235DF4C60094FD64 /* ClientServer */ = {
			isa = PBXNativeTarget;
			buildConfigurationList = 43084DD2235DF4C70094FD64 /* Build configuration list for PBXNativeTarget "ClientServer" */;
			buildPhases = (
				43084DA6235DF4C60094FD64 /* Sources */,
				43084DA7235DF4C60094FD64 /* Frameworks */,
				43084DA8235DF4C60094FD64 /* Resources */,
			);
			buildRules = (
			);
			dependencies = (
			);
			name = ClientServer;
			productName = ClientServer;
			productReference = 43084DAA235DF4C60094FD64 /* ClientServer.app */;
			productType = "com.apple.product-type.application";
		};
		43084DBD235DF4C70094FD64 /* ClientServerTests */ = {
			isa = PBXNativeTarget;
			buildConfigurationList = 43084DD5235DF4C70094FD64 /* Build configuration list for PBXNativeTarget "ClientServerTests" */;
			buildPhases = (
				43084DBA235DF4C70094FD64 /* Sources */,
				43084DBB235DF4C70094FD64 /* Frameworks */,
				43084DBC235DF4C70094FD64 /* Resources */,
			);
			buildRules = (
			);
			dependencies = (
				43084DC0235DF4C70094FD64 /* PBXTargetDependency */,
			);
			name = ClientServerTests;
			productName = ClientServerTests;
			productReference = 43084DBE235DF4C70094FD64 /* ClientServerTests.xctest */;
			productType = "com.apple.product-type.bundle.unit-test";
		};
		43084DC8235DF4C70094FD64 /* ClientServerUITests */ = {
			isa = PBXNativeTarget;
			buildConfigurationList = 43084DD8235DF4C70094FD64 /* Build configuration list for PBXNativeTarget "ClientServerUITests" */;
			buildPhases = (
				43084DC5235DF4C70094FD64 /* Sources */,
				43084DC6235DF4C70094FD64 /* Frameworks */,
				43084DC7235DF4C70094FD64 /* Resources */,
			);
			buildRules = (
			);
			dependencies = (
				43084DCB235DF4C70094FD64 /* PBXTargetDependency */,
			);
			name = ClientServerUITests;
			productName = ClientServerUITests;
			productReference = 43084DC9235DF4C70094FD64 /* ClientServerUITests.xctest */;
			productType = "com.apple.product-type.bundle.ui-testing";
		};
/* End PBXNativeTarget section */

/* Begin PBXProject section */
		43084DA2235DF4C60094FD64 /* Project object */ = {
			isa = PBXProject;
			attributes = {
				LastSwiftUpdateCheck = 1030;
				LastUpgradeCheck = 1030;
				ORGANIZATIONNAME = "Alex Larin";
				TargetAttributes = {
					43084DA9235DF4C60094FD64 = {
						CreatedOnToolsVersion = 10.3;
					};
					43084DBD235DF4C70094FD64 = {
						CreatedOnToolsVersion = 10.3;
						TestTargetID = 43084DA9235DF4C60094FD64;
					};
					43084DC8235DF4C70094FD64 = {
						CreatedOnToolsVersion = 10.3;
						TestTargetID = 43084DA9235DF4C60094FD64;
					};
				};
			};
			buildConfigurationList = 43084DA5235DF4C60094FD64 /* Build configuration list for PBXProject "ClientServer" */;
			compatibilityVersion = "Xcode 9.3";
			developmentRegion = en;
			hasScannedForEncodings = 0;
			knownRegions = (
				en,
				Base,
			);
			mainGroup = 43084DA1235DF4C60094FD64;
			productRefGroup = 43084DAB235DF4C60094FD64 /* Products */;
			projectDirPath = "";
			projectRoot = "";
			targets = (
				43084DA9235DF4C60094FD64 /* ClientServer */,
				43084DBD235DF4C70094FD64 /* ClientServerTests */,
				43084DC8235DF4C70094FD64 /* ClientServerUITests */,
			);
		};
/* End PBXProject section */

/* Begin PBXResourcesBuildPhase section */
		43084DA8235DF4C60094FD64 /* Resources */ = {
			isa = PBXResourcesBuildPhase;
			buildActionMask = 2147483647;
			files = (
				43084DB8235DF4C70094FD64 /* LaunchScreen.storyboard in Resources */,
				43084DB5235DF4C70094FD64 /* Assets.xcassets in Resources */,
				43084DB3235DF4C60094FD64 /* Main.storyboard in Resources */,
			);
			runOnlyForDeploymentPostprocessing = 0;
		};
		43084DBC235DF4C70094FD64 /* Resources */ = {
			isa = PBXResourcesBuildPhase;
			buildActionMask = 2147483647;
			files = (
			);
			runOnlyForDeploymentPostprocessing = 0;
		};
		43084DC7235DF4C70094FD64 /* Resources */ = {
			isa = PBXResourcesBuildPhase;
			buildActionMask = 2147483647;
			files = (
			);
			runOnlyForDeploymentPostprocessing = 0;
		};
/* End PBXResourcesBuildPhase section */

/* Begin PBXSourcesBuildPhase section */
		43084DA6235DF4C60094FD64 /* Sources */ = {
			isa = PBXSourcesBuildPhase;
			buildActionMask = 2147483647;
			files = (
				43084DB0235DF4C60094FD64 /* ViewController.swift in Sources */,
				43084DAE235DF4C60094FD64 /* AppDelegate.swift in Sources */,
			);
			runOnlyForDeploymentPostprocessing = 0;
		};
		43084DBA235DF4C70094FD64 /* Sources */ = {
			isa = PBXSourcesBuildPhase;
			buildActionMask = 2147483647;
			files = (
				43084DC3235DF4C70094FD64 /* ClientServerTests.swift in Sources */,
			);
			runOnlyForDeploymentPostprocessing = 0;
		};
		43084DC5235DF4C70094FD64 /* Sources */ = {
			isa = PBXSourcesBuildPhase;
			buildActionMask = 2147483647;
			files = (
				43084DCE235DF4C70094FD64 /* ClientServerUITests.swift in Sources */,
			);
			runOnlyForDeploymentPostprocessing = 0;
		};
/* End PBXSourcesBuildPhase section */

/* Begin PBXTargetDependency section */
		43084DC0235DF4C70094FD64 /* PBXTargetDependency */ = {
			isa = PBXTargetDependency;
			target = 43084DA9235DF4C60094FD64 /* ClientServer */;
			targetProxy = 43084DBF235DF4C70094FD64 /* PBXContainerItemProxy */;
		};
		43084DCB235DF4C70094FD64 /* PBXTargetDependency */ = {
			isa = PBXTargetDependency;
			target = 43084DA9235DF4C60094FD64 /* ClientServer */;
			targetProxy = 43084DCA235DF4C70094FD64 /* PBXContainerItemProxy */;
		};
/* End PBXTargetDependency section */

/* Begin PBXVariantGroup section */
		43084DB1235DF4C60094FD64 /* Main.storyboard */ = {
			isa = PBXVariantGroup;
			children = (
				43084DB2235DF4C60094FD64 /* Base */,
			);
			name = Main.storyboard;
			sourceTree = "<group>";
		};
		43084DB6235DF4C70094FD64 /* LaunchScreen.storyboard */ = {
			isa = PBXVariantGroup;
			children = (
				43084DB7235DF4C70094FD64 /* Base */,
			);
			name = LaunchScreen.storyboard;
			sourceTree = "<group>";
		};
/* End PBXVariantGroup section */

/* Begin XCBuildConfiguration section */
		43084DD0235DF4C70094FD64 /* Debug */ = {
			isa = XCBuildConfiguration;
			buildSettings = {
				ALWAYS_SEARCH_USER_PATHS = NO;
				CLANG_ANALYZER_NONNULL = YES;
				CLANG_ANALYZER_NUMBER_OBJECT_CONVERSION = YES_AGGRESSIVE;
				CLANG_CXX_LANGUAGE_STANDARD = "gnu++14";
				CLANG_CXX_LIBRARY = "libc++";
				CLANG_ENABLE_MODULES = YES;
				CLANG_ENABLE_OBJC_ARC = YES;
				CLANG_ENABLE_OBJC_WEAK = YES;
				CLANG_WARN_BLOCK_CAPTURE_AUTORELEASING = YES;
				CLANG_WARN_BOOL_CONVERSION = YES;
				CLANG_WARN_COMMA = YES;
				CLANG_WARN_CONSTANT_CONVERSION = YES;
				CLANG_WARN_DEPRECATED_OBJC_IMPLEMENTATIONS = YES;
				CLANG_WARN_DIRECT_OBJC_ISA_USAGE = YES_ERROR;
				CLANG_WARN_DOCUMENTATION_COMMENTS = YES;
				CLANG_WARN_EMPTY_BODY = YES;
				CLANG_WARN_ENUM_CONVERSION = YES;
				CLANG_WARN_INFINITE_RECURSION = YES;
				CLANG_WARN_INT_CONVERSION = YES;
				CLANG_WARN_NON_LITERAL_NULL_CONVERSION = YES;
				CLANG_WARN_OBJC_IMPLICIT_RETAIN_SELF = YES;
				CLANG_WARN_OBJC_LITERAL_CONVERSION = YES;
				CLANG_WARN_OBJC_ROOT_CLASS = YES_ERROR;
				CLANG_WARN_RANGE_LOOP_ANALYSIS = YES;
				CLANG_WARN_STRICT_PROTOTYPES = YES;
				CLANG_WARN_SUSPICIOUS_MOVE = YES;
				CLANG_WARN_UNGUARDED_AVAILABILITY = YES_AGGRESSIVE;
				CLANG_WARN_UNREACHABLE_CODE = YES;
				CLANG_WARN__DUPLICATE_METHOD_MATCH = YES;
				CODE_SIGN_IDENTITY = "iPhone Developer";
				COPY_PHASE_STRIP = NO;
				DEBUG_INFORMATION_FORMAT = dwarf;
				ENABLE_STRICT_OBJC_MSGSEND = YES;
				ENABLE_TESTABILITY = YES;
				GCC_C_LANGUAGE_STANDARD = gnu11;
				GCC_DYNAMIC_NO_PIC = NO;
				GCC_NO_COMMON_BLOCKS = YES;
				GCC_OPTIMIZATION_LEVEL = 0;
				GCC_PREPROCESSOR_DEFINITIONS = (
					"DEBUG=1",
					"$(inherited)",
				);
				GCC_WARN_64_TO_32_BIT_CONVERSION = YES;
				GCC_WARN_ABOUT_RETURN_TYPE = YES_ERROR;
				GCC_WARN_UNDECLARED_SELECTOR = YES;
				GCC_WARN_UNINITIALIZED_AUTOS = YES_AGGRESSIVE;
				GCC_WARN_UNUSED_FUNCTION = YES;
				GCC_WARN_UNUSED_VARIABLE = YES;
				IPHONEOS_DEPLOYMENT_TARGET = 12.4;
				MTL_ENABLE_DEBUG_INFO = INCLUDE_SOURCE;
				MTL_FAST_MATH = YES;
				ONLY_ACTIVE_ARCH = YES;
				SDKROOT = iphoneos;
				SWIFT_ACTIVE_COMPILATION_CONDITIONS = DEBUG;
				SWIFT_OPTIMIZATION_LEVEL = "-Onone";
			};
			name = Debug;
		};
		43084DD1235DF4C70094FD64 /* Release */ = {
			isa = XCBuildConfiguration;
			buildSettings = {
				ALWAYS_SEARCH_USER_PATHS = NO;
				CLANG_ANALYZER_NONNULL = YES;
				CLANG_ANALYZER_NUMBER_OBJECT_CONVERSION = YES_AGGRESSIVE;
				CLANG_CXX_LANGUAGE_STANDARD = "gnu++14";
				CLANG_CXX_LIBRARY = "libc++";
				CLANG_ENABLE_MODULES = YES;
				CLANG_ENABLE_OBJC_ARC = YES;
				CLANG_ENABLE_OBJC_WEAK = YES;
				CLANG_WARN_BLOCK_CAPTURE_AUTORELEASING = YES;
				CLANG_WARN_BOOL_CONVERSION = YES;
				CLANG_WARN_COMMA = YES;
				CLANG_WARN_CONSTANT_CONVERSION = YES;
				CLANG_WARN_DEPRECATED_OBJC_IMPLEMENTATIONS = YES;
				CLANG_WARN_DIRECT_OBJC_ISA_USAGE = YES_ERROR;
				CLANG_WARN_DOCUMENTATION_COMMENTS = YES;
				CLANG_WARN_EMPTY_BODY = YES;
				CLANG_WARN_ENUM_CONVERSION = YES;
				CLANG_WARN_INFINITE_RECURSION = YES;
				CLANG_WARN_INT_CONVERSION = YES;
				CLANG_WARN_NON_LITERAL_NULL_CONVERSION = YES;
				CLANG_WARN_OBJC_IMPLICIT_RETAIN_SELF = YES;
				CLANG_WARN_OBJC_LITERAL_CONVERSION = YES;
				CLANG_WARN_OBJC_ROOT_CLASS = YES_ERROR;
				CLANG_WARN_RANGE_LOOP_ANALYSIS = YES;
				CLANG_WARN_STRICT_PROTOTYPES = YES;
				CLANG_WARN_SUSPICIOUS_MOVE = YES;
				CLANG_WARN_UNGUARDED_AVAILABILITY = YES_AGGRESSIVE;
				CLANG_WARN_UNREACHABLE_CODE = YES;
				CLANG_WARN__DUPLICATE_METHOD_MATCH = YES;
				CODE_SIGN_IDENTITY = "iPhone Developer";
				COPY_PHASE_STRIP = NO;
				DEBUG_INFORMATION_FORMAT = "dwarf-with-dsym";
				ENABLE_NS_ASSERTIONS = NO;
				ENABLE_STRICT_OBJC_MSGSEND = YES;
				GCC_C_LANGUAGE_STANDARD = gnu11;
				GCC_NO_COMMON_BLOCKS = YES;
				GCC_WARN_64_TO_32_BIT_CONVERSION = YES;
				GCC_WARN_ABOUT_RETURN_TYPE = YES_ERROR;
				GCC_WARN_UNDECLARED_SELECTOR = YES;
				GCC_WARN_UNINITIALIZED_AUTOS = YES_AGGRESSIVE;
				GCC_WARN_UNUSED_FUNCTION = YES;
				GCC_WARN_UNUSED_VARIABLE = YES;
				IPHONEOS_DEPLOYMENT_TARGET = 12.4;
				MTL_ENABLE_DEBUG_INFO = NO;
				MTL_FAST_MATH = YES;
				SDKROOT = iphoneos;
				SWIFT_COMPILATION_MODE = wholemodule;
				SWIFT_OPTIMIZATION_LEVEL = "-O";
				VALIDATE_PRODUCT = YES;
			};
			name = Release;
		};
		43084DD3235DF4C70094FD64 /* Debug */ = {
			isa = XCBuildConfiguration;
			buildSettings = {
				ASSETCATALOG_COMPILER_APPICON_NAME = AppIcon;
				CODE_SIGN_STYLE = Automatic;
				DEVELOPMENT_TEAM = H8D2UQ584W;
				INFOPLIST_FILE = ClientServer/Info.plist;
				LD_RUNPATH_SEARCH_PATHS = (
					"$(inherited)",
					"@executable_path/Frameworks",
				);
				PRODUCT_BUNDLE_IDENTIFIER = AlexLarin.ClientServer;
				PRODUCT_NAME = "$(TARGET_NAME)";
				SWIFT_VERSION = 5.0;
				TARGETED_DEVICE_FAMILY = "1,2";
			};
			name = Debug;
		};
		43084DD4235DF4C70094FD64 /* Release */ = {
			isa = XCBuildConfiguration;
			buildSettings = {
				ASSETCATALOG_COMPILER_APPICON_NAME = AppIcon;
				CODE_SIGN_STYLE = Automatic;
				DEVELOPMENT_TEAM = H8D2UQ584W;
				INFOPLIST_FILE = ClientServer/Info.plist;
				LD_RUNPATH_SEARCH_PATHS = (
					"$(inherited)",
					"@executable_path/Frameworks",
				);
				PRODUCT_BUNDLE_IDENTIFIER = AlexLarin.ClientServer;
				PRODUCT_NAME = "$(TARGET_NAME)";
				SWIFT_VERSION = 5.0;
				TARGETED_DEVICE_FAMILY = "1,2";
			};
			name = Release;
		};
		43084DD6235DF4C70094FD64 /* Debug */ = {
			isa = XCBuildConfiguration;
			buildSettings = {
				ALWAYS_EMBED_SWIFT_STANDARD_LIBRARIES = YES;
				BUNDLE_LOADER = "$(TEST_HOST)";
				CODE_SIGN_STYLE = Automatic;
				DEVELOPMENT_TEAM = H8D2UQ584W;
				INFOPLIST_FILE = ClientServerTests/Info.plist;
				LD_RUNPATH_SEARCH_PATHS = (
					"$(inherited)",
					"@executable_path/Frameworks",
					"@loader_path/Frameworks",
				);
				PRODUCT_BUNDLE_IDENTIFIER = AlexLarin.ClientServerTests;
				PRODUCT_NAME = "$(TARGET_NAME)";
				SWIFT_VERSION = 5.0;
				TARGETED_DEVICE_FAMILY = "1,2";
				TEST_HOST = "$(BUILT_PRODUCTS_DIR)/ClientServer.app/ClientServer";
			};
			name = Debug;
		};
		43084DD7235DF4C70094FD64 /* Release */ = {
			isa = XCBuildConfiguration;
			buildSettings = {
				ALWAYS_EMBED_SWIFT_STANDARD_LIBRARIES = YES;
				BUNDLE_LOADER = "$(TEST_HOST)";
				CODE_SIGN_STYLE = Automatic;
				DEVELOPMENT_TEAM = H8D2UQ584W;
				INFOPLIST_FILE = ClientServerTests/Info.plist;
				LD_RUNPATH_SEARCH_PATHS = (
					"$(inherited)",
					"@executable_path/Frameworks",
					"@loader_path/Frameworks",
				);
				PRODUCT_BUNDLE_IDENTIFIER = AlexLarin.ClientServerTests;
				PRODUCT_NAME = "$(TARGET_NAME)";
				SWIFT_VERSION = 5.0;
				TARGETED_DEVICE_FAMILY = "1,2";
				TEST_HOST = "$(BUILT_PRODUCTS_DIR)/ClientServer.app/ClientServer";
			};
			name = Release;
		};
		43084DD9235DF4C70094FD64 /* Debug */ = {
			isa = XCBuildConfiguration;
			buildSettings = {
				ALWAYS_EMBED_SWIFT_STANDARD_LIBRARIES = YES;
				CODE_SIGN_STYLE = Automatic;
				DEVELOPMENT_TEAM = H8D2UQ584W;
				INFOPLIST_FILE = ClientServerUITests/Info.plist;
				LD_RUNPATH_SEARCH_PATHS = (
					"$(inherited)",
					"@executable_path/Frameworks",
					"@loader_path/Frameworks",
				);
				PRODUCT_BUNDLE_IDENTIFIER = AlexLarin.ClientServerUITests;
				PRODUCT_NAME = "$(TARGET_NAME)";
				SWIFT_VERSION = 5.0;
				TARGETED_DEVICE_FAMILY = "1,2";
				TEST_TARGET_NAME = ClientServer;
			};
			name = Debug;
		};
		43084DDA235DF4C70094FD64 /* Release */ = {
			isa = XCBuildConfiguration;
			buildSettings = {
				ALWAYS_EMBED_SWIFT_STANDARD_LIBRARIES = YES;
				CODE_SIGN_STYLE = Automatic;
				DEVELOPMENT_TEAM = H8D2UQ584W;
				INFOPLIST_FILE = ClientServerUITests/Info.plist;
				LD_RUNPATH_SEARCH_PATHS = (
					"$(inherited)",
					"@executable_path/Frameworks",
					"@loader_path/Frameworks",
				);
				PRODUCT_BUNDLE_IDENTIFIER = AlexLarin.ClientServerUITests;
				PRODUCT_NAME = "$(TARGET_NAME)";
				SWIFT_VERSION = 5.0;
				TARGETED_DEVICE_FAMILY = "1,2";
				TEST_TARGET_NAME = ClientServer;
			};
			name = Release;
		};
/* End XCBuildConfiguration section */

/* Begin XCConfigurationList section */
		43084DA5235DF4C60094FD64 /* Build configuration list for PBXProject "ClientServer" */ = {
			isa = XCConfigurationList;
			buildConfigurations = (
				43084DD0235DF4C70094FD64 /* Debug */,
				43084DD1235DF4C70094FD64 /* Release */,
			);
			defaultConfigurationIsVisible = 0;
			defaultConfigurationName = Release;
		};
		43084DD2235DF4C70094FD64 /* Build configuration list for PBXNativeTarget "ClientServer" */ = {
			isa = XCConfigurationList;
			buildConfigurations = (
				43084DD3235DF4C70094FD64 /* Debug */,
				43084DD4235DF4C70094FD64 /* Release */,
			);
			defaultConfigurationIsVisible = 0;
			defaultConfigurationName = Release;
		};
		43084DD5235DF4C70094FD64 /* Build configuration list for PBXNativeTarget "ClientServerTests" */ = {
			isa = XCConfigurationList;
			buildConfigurations = (
				43084DD6235DF4C70094FD64 /* Debug */,
				43084DD7235DF4C70094FD64 /* Release */,
			);
			defaultConfigurationIsVisible = 0;
			defaultConfigurationName = Release;
		};
		43084DD8235DF4C70094FD64 /* Build configuration list for PBXNativeTarget "ClientServerUITests" */ = {
			isa = XCConfigurationList;
			buildConfigurations = (
				43084DD9235DF4C70094FD64 /* Debug */,
				43084DDA235DF4C70094FD64 /* Release */,
			);
			defaultConfigurationIsVisible = 0;
			defaultConfigurationName = Release;
		};
/* End XCConfigurationList section */
	};
	rootObject = 43084DA2235DF4C60094FD64 /* Project object */;
}
